
Microsoft Visual Studio Solution File, Format Version 12.00
# Visual Studio 15
VisualStudioVersion = 15.0.28307.757
MinimumVisualStudioVersion = 10.0.40219.1
Project("{FAE04EC0-301F-11D3-BF4B-00C04F79EFBC}") = "ChoixResto", "ChoixResto\ChoixResto.csproj", "{BA02D2EE-F486-46C4-9FDE-3345AD196384}"
EndProject
Project("{FAE04EC0-301F-11D3-BF4B-00C04F79EFBC}") = "ChoixResto.Tests", "ChoixResto.Tests\ChoixResto.Tests.csproj", "{A336AF0C-D085-4960-BAAE-B76691F2BD07}"
EndProject
Global
	GlobalSection(SolutionConfigurationPlatforms) = preSolution
		Debug|Any CPU = Debug|Any CPU
		Release|Any CPU = Release|Any CPU
	EndGlobalSection
	GlobalSection(ProjectConfigurationPlatforms) = postSolution
		{BA02D2EE-F486-46C4-9FDE-3345AD196384}.Debug|Any CPU.ActiveCfg = Debug|Any CPU
		{BA02D2EE-F486-46C4-9FDE-3345AD196384}.Debug|Any CPU.Build.0 = Debug|Any CPU
		{BA02D2EE-F486-46C4-9FDE-3345AD196384}.Release|Any CPU.ActiveCfg = Release|Any CPU
		{BA02D2EE-F486-46C4-9FDE-3345AD196384}.Release|Any CPU.Build.0 = Release|Any CPU
		{A336AF0C-D085-4960-BAAE-B76691F2BD07}.Debug|Any CPU.ActiveCfg = Debug|Any CPU
		{A336AF0C-D085-4960-BAAE-B76691F2BD07}.Debug|Any CPU.Build.0 = Debug|Any CPU
		{A336AF0C-D085-4960-BAAE-B76691F2BD07}.Release|Any CPU.ActiveCfg = Release|Any CPU
		{A336AF0C-D085-4960-BAAE-B76691F2BD07}.Release|Any CPU.Build.0 = Release|Any CPU
	EndGlobalSection
	GlobalSection(SolutionProperties) = preSolution
		HideSolutionNode = FALSE
	EndGlobalSection
	GlobalSection(ExtensibilityGlobals) = postSolution
		SolutionGuid = {60348F2A-FBCF-45D6-89B0-6C88591A11EE}
	EndGlobalSection
EndGlobal
